
Microsoft Visual Studio Solution File, Format Version 11.00
# Visual Studio 2010
Project("{FAE04EC0-301F-11D3-BF4B-00C04F79EFBC}") = "IntroToWpf.Data", "IntroToWpf.Data\IntroToWpf.Data.csproj", "{3C0B2CEA-D301-424F-A4B4-D7B50DC4C3BF}"
EndProject
Project("{FAE04EC0-301F-11D3-BF4B-00C04F79EFBC}") = "IntroToWpfz.App", "IntroToWpf.App\IntroToWpfz.App.csproj", "{C0A007B6-D6AD-4214-9D4D-7FD67317C70E}"
EndProject
Global
	GlobalSection(SolutionConfigurationPlatforms) = preSolution
		Debug|Any CPU = Debug|Any CPU
		Debug|Mixed Platforms = Debug|Mixed Platforms
		Debug|x86 = Debug|x86
		Release|Any CPU = Release|Any CPU
		Release|Mixed Platforms = Release|Mixed Platforms
		Release|x86 = Release|x86
	EndGlobalSection
	GlobalSection(ProjectConfigurationPlatforms) = postSolution
		{3C0B2CEA-D301-424F-A4B4-D7B50DC4C3BF}.Debug|Any CPU.ActiveCfg = Debug|Any CPU
		{3C0B2CEA-D301-424F-A4B4-D7B50DC4C3BF}.Debug|Any CPU.Build.0 = Debug|Any CPU
		{3C0B2CEA-D301-424F-A4B4-D7B50DC4C3BF}.Debug|Mixed Platforms.ActiveCfg = Debug|Any CPU
		{3C0B2CEA-D301-424F-A4B4-D7B50DC4C3BF}.Debug|Mixed Platforms.Build.0 = Debug|Any CPU
		{3C0B2CEA-D301-424F-A4B4-D7B50DC4C3BF}.Debug|x86.ActiveCfg = Debug|Any CPU
		{3C0B2CEA-D301-424F-A4B4-D7B50DC4C3BF}.Release|Any CPU.ActiveCfg = Release|Any CPU
		{3C0B2CEA-D301-424F-A4B4-D7B50DC4C3BF}.Release|Any CPU.Build.0 = Release|Any CPU
		{3C0B2CEA-D301-424F-A4B4-D7B50DC4C3BF}.Release|Mixed Platforms.ActiveCfg = Release|Any CPU
		{3C0B2CEA-D301-424F-A4B4-D7B50DC4C3BF}.Release|Mixed Platforms.Build.0 = Release|Any CPU
		{3C0B2CEA-D301-424F-A4B4-D7B50DC4C3BF}.Release|x86.ActiveCfg = Release|Any CPU
		{C0A007B6-D6AD-4214-9D4D-7FD67317C70E}.Debug|Any CPU.ActiveCfg = Debug|x86
		{C0A007B6-D6AD-4214-9D4D-7FD67317C70E}.Debug|Mixed Platforms.ActiveCfg = Debug|x86
		{C0A007B6-D6AD-4214-9D4D-7FD67317C70E}.Debug|Mixed Platforms.Build.0 = Debug|x86
		{C0A007B6-D6AD-4214-9D4D-7FD67317C70E}.Debug|x86.ActiveCfg = Debug|x86
		{C0A007B6-D6AD-4214-9D4D-7FD67317C70E}.Debug|x86.Build.0 = Debug|x86
		{C0A007B6-D6AD-4214-9D4D-7FD67317C70E}.Release|Any CPU.ActiveCfg = Release|x86
		{C0A007B6-D6AD-4214-9D4D-7FD67317C70E}.Release|Mixed Platforms.ActiveCfg = Release|x86
		{C0A007B6-D6AD-4214-9D4D-7FD67317C70E}.Release|Mixed Platforms.Build.0 = Release|x86
		{C0A007B6-D6AD-4214-9D4D-7FD67317C70E}.Release|x86.ActiveCfg = Release|x86
		{C0A007B6-D6AD-4214-9D4D-7FD67317C70E}.Release|x86.Build.0 = Release|x86
	EndGlobalSection
	GlobalSection(SolutionProperties) = preSolution
		HideSolutionNode = FALSE
	EndGlobalSection
EndGlobal
